github.com/go-gl/gl v0.0.0-20160306111150-cd1cf4a9b229 h1:2NXj/ucAajL5UBLIX6KPac9+5hoJ0+97izQHwn/9Fbk=
github.com/go-gl/gl v0.0.0-20160306111150-cd1cf4a9b229/go.mod h1:482civXOzJJCPzJ4ZOX/pwvXBWSnzD4OKMdH4ClKGbk=
github.com/go-gl/mathgl v0.0.0-20151010060245-667e7964455c h1:wV1pMYeSPIlkK1KAiX2DfQYapQoxRxRExYsuXRui70s=
github.com/go-gl/mathgl v0.0.0-20151010060245-667e7964455c/go.mod h1:dvrdneKbyWbK2skTda0nM4B9zSlS2GZSnjX7itr/skQ=
github.com/veandco/go-sdl2 v0.0.0-20160317015343-3105ff129069 h1:+mDWRtpTAtq63M/xR962b0+h6q93jcNRkKT+raFYXdQ=
github.com/veandco/go-sdl2 v0.0.0-20160317015343-3105ff129069/go.mod h1:FB+kTpX9YTE+urhYiClnRzpOXbiWgaU3+5F2AB78DPg=
golang.org/x/image v0.0.0-20160107224602-7c492694a644 h1:gDX87IHVAWzhS+GuswKlPHa5jnZxbtVTojgccecF6Pw=
golang.org/x/image v0.0.0-20160107224602-7c492694a644/go.mod h1:ux5Hcp/YLpHSI86hEcLt0YII63i6oz57MZXIpbrjZUs=
